
Microsoft Visual Studio Solution File, Format Version 12.00
# Visual Studio 15
VisualStudioVersion = 15.0.27130.2027
MinimumVisualStudioVersion = 10.0.40219.1
Project("{FAE04EC0-301F-11D3-BF4B-00C04F79EFBC}") = "Game", "Game\Game.csproj", "{E11F6796-FC34-4973-8311-5860BE74B199}"
EndProject
Global
	GlobalSection(SolutionConfigurationPlatforms) = preSolution
		Debug|Any CPU = Debug|Any CPU
		Release|Any CPU = Release|Any CPU
	EndGlobalSection
	GlobalSection(ProjectConfigurationPlatforms) = postSolution
		{E11F6796-FC34-4973-8311-5860BE74B199}.Debug|Any CPU.ActiveCfg = Debug|Any CPU
		{E11F6796-FC34-4973-8311-5860BE74B199}.Debug|Any CPU.Build.0 = Debug|Any CPU
		{E11F6796-FC34-4973-8311-5860BE74B199}.Release|Any CPU.ActiveCfg = Release|Any CPU
		{E11F6796-FC34-4973-8311-5860BE74B199}.Release|Any CPU.Build.0 = Release|Any CPU
	EndGlobalSection
	GlobalSection(SolutionProperties) = preSolution
		HideSolutionNode = FALSE
	EndGlobalSection
	GlobalSection(ExtensibilityGlobals) = postSolution
		SolutionGuid = {B0571397-0AC9-4ACD-B2C2-AC7501A60E1F}
	EndGlobalSection
EndGlobal
